// !$*UTF8*$!
{
	archiveVersion = 1;
	classes = {
	};
	objectVersion = 50;
	objects = {

/* Begin PBXBuildFile section */
		85325B15233BC56900F14D74 /* AppDelegate.swift in Sources */ = {isa = PBXBuildFile; fileRef = 85325B14233BC56900F14D74 /* AppDelegate.swift */; };
		85325B1A233BC56900F14D74 /* Main.storyboard in Resources */ = {isa = PBXBuildFile; fileRef = 85325B18233BC56900F14D74 /* Main.storyboard */; };
		85325B1C233BC56900F14D74 /* Assets.xcassets in Resources */ = {isa = PBXBuildFile; fileRef = 85325B1B233BC56900F14D74 /* Assets.xcassets */; };
		85325B1F233BC56900F14D74 /* LaunchScreen.storyboard in Resources */ = {isa = PBXBuildFile; fileRef = 85325B1D233BC56900F14D74 /* LaunchScreen.storyboard */; };
		85653394233BD05400A60027 /* PlaylistGP.xcdatamodeld in Sources */ = {isa = PBXBuildFile; fileRef = 85653392233BD05400A60027 /* PlaylistGP.xcdatamodeld */; };
		8565339C233BD88200A60027 /* CoreDataStack.swift in Sources */ = {isa = PBXBuildFile; fileRef = 8565339B233BD88200A60027 /* CoreDataStack.swift */; };
		8565339E233BDAEB00A60027 /* Playlist+Convenience.swift in Sources */ = {isa = PBXBuildFile; fileRef = 8565339D233BDAEB00A60027 /* Playlist+Convenience.swift */; };
		856533A0233BDC8200A60027 /* Song+Convenience.swift in Sources */ = {isa = PBXBuildFile; fileRef = 8565339F233BDC8200A60027 /* Song+Convenience.swift */; };
		856533A2233BDF8200A60027 /* PlaylistController.swift in Sources */ = {isa = PBXBuildFile; fileRef = 856533A1233BDF8200A60027 /* PlaylistController.swift */; };
		856533A4233BE67B00A60027 /* SongController.swift in Sources */ = {isa = PBXBuildFile; fileRef = 856533A3233BE67B00A60027 /* SongController.swift */; };
		856533A6233BE97900A60027 /* PlaylistListTableViewController.swift in Sources */ = {isa = PBXBuildFile; fileRef = 856533A5233BE97900A60027 /* PlaylistListTableViewController.swift */; };
		856533A8233BE9A300A60027 /* PlaylistDetailTableViewController.swift in Sources */ = {isa = PBXBuildFile; fileRef = 856533A7233BE9A300A60027 /* PlaylistDetailTableViewController.swift */; };
/* End PBXBuildFile section */

/* Begin PBXFileReference section */
		85325B11233BC56900F14D74 /* PlaylistGP.app */ = {isa = PBXFileReference; explicitFileType = wrapper.application; includeInIndex = 0; path = PlaylistGP.app; sourceTree = BUILT_PRODUCTS_DIR; };
		85325B14233BC56900F14D74 /* AppDelegate.swift */ = {isa = PBXFileReference; lastKnownFileType = sourcecode.swift; path = AppDelegate.swift; sourceTree = "<group>"; };
		85325B19233BC56900F14D74 /* Base */ = {isa = PBXFileReference; lastKnownFileType = file.storyboard; name = Base; path = Base.lproj/Main.storyboard; sourceTree = "<group>"; };
		85325B1B233BC56900F14D74 /* Assets.xcassets */ = {isa = PBXFileReference; lastKnownFileType = folder.assetcatalog; path = Assets.xcassets; sourceTree = "<group>"; };
		85325B1E233BC56900F14D74 /* Base */ = {isa = PBXFileReference; lastKnownFileType = file.storyboard; name = Base; path = Base.lproj/LaunchScreen.storyboard; sourceTree = "<group>"; };
		85325B20233BC56900F14D74 /* Info.plist */ = {isa = PBXFileReference; lastKnownFileType = text.plist.xml; path = Info.plist; sourceTree = "<group>"; };
		85653393233BD05400A60027 /* PlaylistGP.xcdatamodel */ = {isa = PBXFileReference; lastKnownFileType = wrapper.xcdatamodel; path = PlaylistGP.xcdatamodel; sourceTree = "<group>"; };
		8565339B233BD88200A60027 /* CoreDataStack.swift */ = {isa = PBXFileReference; lastKnownFileType = sourcecode.swift; path = CoreDataStack.swift; sourceTree = "<group>"; };
		8565339D233BDAEB00A60027 /* Playlist+Convenience.swift */ = {isa = PBXFileReference; lastKnownFileType = sourcecode.swift; path = "Playlist+Convenience.swift"; sourceTree = "<group>"; };
		8565339F233BDC8200A60027 /* Song+Convenience.swift */ = {isa = PBXFileReference; lastKnownFileType = sourcecode.swift; path = "Song+Convenience.swift"; sourceTree = "<group>"; };
		856533A1233BDF8200A60027 /* PlaylistController.swift */ = {isa = PBXFileReference; lastKnownFileType = sourcecode.swift; path = PlaylistController.swift; sourceTree = "<group>"; };
		856533A3233BE67B00A60027 /* SongController.swift */ = {isa = PBXFileReference; lastKnownFileType = sourcecode.swift; path = SongController.swift; sourceTree = "<group>"; };
		856533A5233BE97900A60027 /* PlaylistListTableViewController.swift */ = {isa = PBXFileReference; lastKnownFileType = sourcecode.swift; path = PlaylistListTableViewController.swift; sourceTree = "<group>"; };
		856533A7233BE9A300A60027 /* PlaylistDetailTableViewController.swift */ = {isa = PBXFileReference; lastKnownFileType = sourcecode.swift; path = PlaylistDetailTableViewController.swift; sourceTree = "<group>"; };
/* End PBXFileReference section */

/* Begin PBXFrameworksBuildPhase section */
		85325B0E233BC56900F14D74 /* Frameworks */ = {
			isa = PBXFrameworksBuildPhase;
			buildActionMask = 2147483647;
			files = (
			);
			runOnlyForDeploymentPostprocessing = 0;
		};
/* End PBXFrameworksBuildPhase section */

/* Begin PBXGroup section */
		85325B08233BC56900F14D74 = {
			isa = PBXGroup;
			children = (
				85325B13233BC56900F14D74 /* PlaylistGP */,
				85325B12233BC56900F14D74 /* Products */,
			);
			sourceTree = "<group>";
		};
		85325B12233BC56900F14D74 /* Products */ = {
			isa = PBXGroup;
			children = (
				85325B11233BC56900F14D74 /* PlaylistGP.app */,
			);
			name = Products;
			sourceTree = "<group>";
		};
		85325B13233BC56900F14D74 /* PlaylistGP */ = {
			isa = PBXGroup;
			children = (
				85653396233BD05D00A60027 /* Model */,
				85653398233BD06F00A60027 /* View */,
				85653397233BD06600A60027 /* Controller */,
				85325B26233BC58100F14D74 /* Resources */,
				85325B18233BC56900F14D74 /* Main.storyboard */,
			);
			path = PlaylistGP;
			sourceTree = "<group>";
		};
		85325B26233BC58100F14D74 /* Resources */ = {
			isa = PBXGroup;
			children = (
				85653392233BD05400A60027 /* PlaylistGP.xcdatamodeld */,
				85325B14233BC56900F14D74 /* AppDelegate.swift */,
				85325B1B233BC56900F14D74 /* Assets.xcassets */,
				85325B1D233BC56900F14D74 /* LaunchScreen.storyboard */,
				85325B20233BC56900F14D74 /* Info.plist */,
			);
			path = Resources;
			sourceTree = "<group>";
		};
		85653396233BD05D00A60027 /* Model */ = {
			isa = PBXGroup;
			children = (
				8565339B233BD88200A60027 /* CoreDataStack.swift */,
				8565339D233BDAEB00A60027 /* Playlist+Convenience.swift */,
				8565339F233BDC8200A60027 /* Song+Convenience.swift */,
			);
			path = Model;
			sourceTree = "<group>";
		};
		85653397233BD06600A60027 /* Controller */ = {
			isa = PBXGroup;
			children = (
				8565339A233BD07D00A60027 /* View Controller */,
				85653399233BD07600A60027 /* Model Controller */,
			);
			path = Controller;
			sourceTree = "<group>";
		};
		85653398233BD06F00A60027 /* View */ = {
			isa = PBXGroup;
			children = (
			);
			path = View;
			sourceTree = "<group>";
		};
		85653399233BD07600A60027 /* Model Controller */ = {
			isa = PBXGroup;
			children = (
				856533A1233BDF8200A60027 /* PlaylistController.swift */,
				856533A3233BE67B00A60027 /* SongController.swift */,
			);
			path = "Model Controller";
			sourceTree = "<group>";
		};
		8565339A233BD07D00A60027 /* View Controller */ = {
			isa = PBXGroup;
			children = (
				856533A5233BE97900A60027 /* PlaylistListTableViewController.swift */,
				856533A7233BE9A300A60027 /* PlaylistDetailTableViewController.swift */,
			);
			path = "View Controller";
			sourceTree = "<group>";
		};
/* End PBXGroup section */

/* Begin PBXNativeTarget section */
		85325B10233BC56900F14D74 /* PlaylistGP */ = {
			isa = PBXNativeTarget;
			buildConfigurationList = 85325B23233BC56900F14D74 /* Build configuration list for PBXNativeTarget "PlaylistGP" */;
			buildPhases = (
				85325B0D233BC56900F14D74 /* Sources */,
				85325B0E233BC56900F14D74 /* Frameworks */,
				85325B0F233BC56900F14D74 /* Resources */,
			);
			buildRules = (
			);
			dependencies = (
			);
			name = PlaylistGP;
			productName = PlaylistGP;
			productReference = 85325B11233BC56900F14D74 /* PlaylistGP.app */;
			productType = "com.apple.product-type.application";
		};
/* End PBXNativeTarget section */

/* Begin PBXProject section */
		85325B09233BC56900F14D74 /* Project object */ = {
			isa = PBXProject;
			attributes = {
				LastSwiftUpdateCheck = 1030;
				LastUpgradeCheck = 1030;
				ORGANIZATIONNAME = "Zebadiah Watson";
				TargetAttributes = {
					85325B10233BC56900F14D74 = {
						CreatedOnToolsVersion = 10.3;
					};
				};
			};
			buildConfigurationList = 85325B0C233BC56900F14D74 /* Build configuration list for PBXProject "PlaylistGP" */;
			compatibilityVersion = "Xcode 9.3";
			developmentRegion = en;
			hasScannedForEncodings = 0;
			knownRegions = (
				en,
				Base,
			);
			mainGroup = 85325B08233BC56900F14D74;
			productRefGroup = 85325B12233BC56900F14D74 /* Products */;
			projectDirPath = "";
			projectRoot = "";
			targets = (
				85325B10233BC56900F14D74 /* PlaylistGP */,
			);
		};
/* End PBXProject section */

/* Begin PBXResourcesBuildPhase section */
		85325B0F233BC56900F14D74 /* Resources */ = {
			isa = PBXResourcesBuildPhase;
			buildActionMask = 2147483647;
			files = (
				85325B1F233BC56900F14D74 /* LaunchScreen.storyboard in Resources */,
				85325B1C233BC56900F14D74 /* Assets.xcassets in Resources */,
				85325B1A233BC56900F14D74 /* Main.storyboard in Resources */,
			);
			runOnlyForDeploymentPostprocessing = 0;
		};
/* End PBXResourcesBuildPhase section */

/* Begin PBXSourcesBuildPhase section */
		85325B0D233BC56900F14D74 /* Sources */ = {
			isa = PBXSourcesBuildPhase;
			buildActionMask = 2147483647;
			files = (
				856533A4233BE67B00A60027 /* SongController.swift in Sources */,
				8565339C233BD88200A60027 /* CoreDataStack.swift in Sources */,
				856533A8233BE9A300A60027 /* PlaylistDetailTableViewController.swift in Sources */,
				856533A0233BDC8200A60027 /* Song+Convenience.swift in Sources */,
				85653394233BD05400A60027 /* PlaylistGP.xcdatamodeld in Sources */,
				85325B15233BC56900F14D74 /* AppDelegate.swift in Sources */,
				856533A6233BE97900A60027 /* PlaylistListTableViewController.swift in Sources */,
				8565339E233BDAEB00A60027 /* Playlist+Convenience.swift in Sources */,
				856533A2233BDF8200A60027 /* PlaylistController.swift in Sources */,
			);
			runOnlyForDeploymentPostprocessing = 0;
		};
/* End PBXSourcesBuildPhase section */

/* Begin PBXVariantGroup section */
		85325B18233BC56900F14D74 /* Main.storyboard */ = {
			isa = PBXVariantGroup;
			children = (
				85325B19233BC56900F14D74 /* Base */,
			);
			name = Main.storyboard;
			sourceTree = "<group>";
		};
		85325B1D233BC56900F14D74 /* LaunchScreen.storyboard */ = {
			isa = PBXVariantGroup;
			children = (
				85325B1E233BC56900F14D74 /* Base */,
			);
			name = LaunchScreen.storyboard;
			sourceTree = "<group>";
		};
/* End PBXVariantGroup section */

/* Begin XCBuildConfiguration section */
		85325B21233BC56900F14D74 /* Debug */ = {
			isa = XCBuildConfiguration;
			buildSettings = {
				ALWAYS_SEARCH_USER_PATHS = NO;
				CLANG_ANALYZER_NONNULL = YES;
				CLANG_ANALYZER_NUMBER_OBJECT_CONVERSION = YES_AGGRESSIVE;
				CLANG_CXX_LANGUAGE_STANDARD = "gnu++14";
				CLANG_CXX_LIBRARY = "libc++";
				CLANG_ENABLE_MODULES = YES;
				CLANG_ENABLE_OBJC_ARC = YES;
				CLANG_ENABLE_OBJC_WEAK = YES;
				CLANG_WARN_BLOCK_CAPTURE_AUTORELEASING = YES;
				CLANG_WARN_BOOL_CONVERSION = YES;
				CLANG_WARN_COMMA = YES;
				CLANG_WARN_CONSTANT_CONVERSION = YES;
				CLANG_WARN_DEPRECATED_OBJC_IMPLEMENTATIONS = YES;
				CLANG_WARN_DIRECT_OBJC_ISA_USAGE = YES_ERROR;
				CLANG_WARN_DOCUMENTATION_COMMENTS = YES;
				CLANG_WARN_EMPTY_BODY = YES;
				CLANG_WARN_ENUM_CONVERSION = YES;
				CLANG_WARN_INFINITE_RECURSION = YES;
				CLANG_WARN_INT_CONVERSION = YES;
				CLANG_WARN_NON_LITERAL_NULL_CONVERSION = YES;
				CLANG_WARN_OBJC_IMPLICIT_RETAIN_SELF = YES;
				CLANG_WARN_OBJC_LITERAL_CONVERSION = YES;
				CLANG_WARN_OBJC_ROOT_CLASS = YES_ERROR;
				CLANG_WARN_RANGE_LOOP_ANALYSIS = YES;
				CLANG_WARN_STRICT_PROTOTYPES = YES;
				CLANG_WARN_SUSPICIOUS_MOVE = YES;
				CLANG_WARN_UNGUARDED_AVAILABILITY = YES_AGGRESSIVE;
				CLANG_WARN_UNREACHABLE_CODE = YES;
				CLANG_WARN__DUPLICATE_METHOD_MATCH = YES;
				CODE_SIGN_IDENTITY = "iPhone Developer";
				COPY_PHASE_STRIP = NO;
				DEBUG_INFORMATION_FORMAT = dwarf;
				ENABLE_STRICT_OBJC_MSGSEND = YES;
				ENABLE_TESTABILITY = YES;
				GCC_C_LANGUAGE_STANDARD = gnu11;
				GCC_DYNAMIC_NO_PIC = NO;
				GCC_NO_COMMON_BLOCKS = YES;
				GCC_OPTIMIZATION_LEVEL = 0;
				GCC_PREPROCESSOR_DEFINITIONS = (
					"DEBUG=1",
					"$(inherited)",
				);
				GCC_WARN_64_TO_32_BIT_CONVERSION = YES;
				GCC_WARN_ABOUT_RETURN_TYPE = YES_ERROR;
				GCC_WARN_UNDECLARED_SELECTOR = YES;
				GCC_WARN_UNINITIALIZED_AUTOS = YES_AGGRESSIVE;
				GCC_WARN_UNUSED_FUNCTION = YES;
				GCC_WARN_UNUSED_VARIABLE = YES;
				IPHONEOS_DEPLOYMENT_TARGET = 12.4;
				MTL_ENABLE_DEBUG_INFO = INCLUDE_SOURCE;
				MTL_FAST_MATH = YES;
				ONLY_ACTIVE_ARCH = YES;
				SDKROOT = iphoneos;
				SWIFT_ACTIVE_COMPILATION_CONDITIONS = DEBUG;
				SWIFT_OPTIMIZATION_LEVEL = "-Onone";
			};
			name = Debug;
		};
		85325B22233BC56900F14D74 /* Release */ = {
			isa = XCBuildConfiguration;
			buildSettings = {
				ALWAYS_SEARCH_USER_PATHS = NO;
				CLANG_ANALYZER_NONNULL = YES;
				CLANG_ANALYZER_NUMBER_OBJECT_CONVERSION = YES_AGGRESSIVE;
				CLANG_CXX_LANGUAGE_STANDARD = "gnu++14";
				CLANG_CXX_LIBRARY = "libc++";
				CLANG_ENABLE_MODULES = YES;
				CLANG_ENABLE_OBJC_ARC = YES;
				CLANG_ENABLE_OBJC_WEAK = YES;
				CLANG_WARN_BLOCK_CAPTURE_AUTORELEASING = YES;
				CLANG_WARN_BOOL_CONVERSION = YES;
				CLANG_WARN_COMMA = YES;
				CLANG_WARN_CONSTANT_CONVERSION = YES;
				CLANG_WARN_DEPRECATED_OBJC_IMPLEMENTATIONS = YES;
				CLANG_WARN_DIRECT_OBJC_ISA_USAGE = YES_ERROR;
				CLANG_WARN_DOCUMENTATION_COMMENTS = YES;
				CLANG_WARN_EMPTY_BODY = YES;
				CLANG_WARN_ENUM_CONVERSION = YES;
				CLANG_WARN_INFINITE_RECURSION = YES;
				CLANG_WARN_INT_CONVERSION = YES;
				CLANG_WARN_NON_LITERAL_NULL_CONVERSION = YES;
				CLANG_WARN_OBJC_IMPLICIT_RETAIN_SELF = YES;
				CLANG_WARN_OBJC_LITERAL_CONVERSION = YES;
				CLANG_WARN_OBJC_ROOT_CLASS = YES_ERROR;
				CLANG_WARN_RANGE_LOOP_ANALYSIS = YES;
				CLANG_WARN_STRICT_PROTOTYPES = YES;
				CLANG_WARN_SUSPICIOUS_MOVE = YES;
				CLANG_WARN_UNGUARDED_AVAILABILITY = YES_AGGRESSIVE;
				CLANG_WARN_UNREACHABLE_CODE = YES;
				CLANG_WARN__DUPLICATE_METHOD_MATCH = YES;
				CODE_SIGN_IDENTITY = "iPhone Developer";
				COPY_PHASE_STRIP = NO;
				DEBUG_INFORMATION_FORMAT = "dwarf-with-dsym";
				ENABLE_NS_ASSERTIONS = NO;
				ENABLE_STRICT_OBJC_MSGSEND = YES;
				GCC_C_LANGUAGE_STANDARD = gnu11;
				GCC_NO_COMMON_BLOCKS = YES;
				GCC_WARN_64_TO_32_BIT_CONVERSION = YES;
				GCC_WARN_ABOUT_RETURN_TYPE = YES_ERROR;
				GCC_WARN_UNDECLARED_SELECTOR = YES;
				GCC_WARN_UNINITIALIZED_AUTOS = YES_AGGRESSIVE;
				GCC_WARN_UNUSED_FUNCTION = YES;
				GCC_WARN_UNUSED_VARIABLE = YES;
				IPHONEOS_DEPLOYMENT_TARGET = 12.4;
				MTL_ENABLE_DEBUG_INFO = NO;
				MTL_FAST_MATH = YES;
				SDKROOT = iphoneos;
				SWIFT_COMPILATION_MODE = wholemodule;
				SWIFT_OPTIMIZATION_LEVEL = "-O";
				VALIDATE_PRODUCT = YES;
			};
			name = Release;
		};
		85325B24233BC56900F14D74 /* Debug */ = {
			isa = XCBuildConfiguration;
			buildSettings = {
				ASSETCATALOG_COMPILER_APPICON_NAME = AppIcon;
				CODE_SIGN_STYLE = Automatic;
				DEVELOPMENT_TEAM = GQHR9QPNK6;
				INFOPLIST_FILE = "$(SRCROOT)/PlaylistGP/Resources/Info.plist";
				LD_RUNPATH_SEARCH_PATHS = (
					"$(inherited)",
					"@executable_path/Frameworks",
				);
				PRODUCT_BUNDLE_IDENTIFIER = me.PlaylistGP;
				PRODUCT_NAME = "$(TARGET_NAME)";
				SWIFT_VERSION = 5.0;
				TARGETED_DEVICE_FAMILY = "1,2";
			};
			name = Debug;
		};
		85325B25233BC56900F14D74 /* Release */ = {
			isa = XCBuildConfiguration;
			buildSettings = {
				ASSETCATALOG_COMPILER_APPICON_NAME = AppIcon;
				CODE_SIGN_STYLE = Automatic;
				DEVELOPMENT_TEAM = GQHR9QPNK6;
				INFOPLIST_FILE = "$(SRCROOT)/PlaylistGP/Resources/Info.plist";
				LD_RUNPATH_SEARCH_PATHS = (
					"$(inherited)",
					"@executable_path/Frameworks",
				);
				PRODUCT_BUNDLE_IDENTIFIER = me.PlaylistGP;
				PRODUCT_NAME = "$(TARGET_NAME)";
				SWIFT_VERSION = 5.0;
				TARGETED_DEVICE_FAMILY = "1,2";
			};
			name = Release;
		};
/* End XCBuildConfiguration section */

/* Begin XCConfigurationList section */
		85325B0C233BC56900F14D74 /* Build configuration list for PBXProject "PlaylistGP" */ = {
			isa = XCConfigurationList;
			buildConfigurations = (
				85325B21233BC56900F14D74 /* Debug */,
				85325B22233BC56900F14D74 /* Release */,
			);
			defaultConfigurationIsVisible = 0;
			defaultConfigurationName = Release;
		};
		85325B23233BC56900F14D74 /* Build configuration list for PBXNativeTarget "PlaylistGP" */ = {
			isa = XCConfigurationList;
			buildConfigurations = (
				85325B24233BC56900F14D74 /* Debug */,
				85325B25233BC56900F14D74 /* Release */,
			);
			defaultConfigurationIsVisible = 0;
			defaultConfigurationName = Release;
		};
/* End XCConfigurationList section */

/* Begin XCVersionGroup section */
		85653392233BD05400A60027 /* PlaylistGP.xcdatamodeld */ = {
			isa = XCVersionGroup;
			children = (
				85653393233BD05400A60027 /* PlaylistGP.xcdatamodel */,
			);
			currentVersion = 85653393233BD05400A60027 /* PlaylistGP.xcdatamodel */;
			path = PlaylistGP.xcdatamodeld;
			sourceTree = "<group>";
			versionGroupType = wrapper.xcdatamodel;
		};
/* End XCVersionGroup section */
	};
	rootObject = 85325B09233BC56900F14D74 /* Project object */;
}
